
Microsoft Visual Studio Solution File, Format Version 12.00
# Visual Studio Version 17
VisualStudioVersion = 17.7.34202.233
MinimumVisualStudioVersion = 10.0.40219.1
Project("{FAE04EC0-301F-11D3-BF4B-00C04F79EFBC}") = "Nobel", "Nobel\Nobel.csproj", "{8C6CD865-295B-476E-880F-CEDED1704188}"
EndProject
Global
	GlobalSection(SolutionConfigurationPlatforms) = preSolution
		Debug|Any CPU = Debug|Any CPU
		Release|Any CPU = Release|Any CPU
	EndGlobalSection
	GlobalSection(ProjectConfigurationPlatforms) = postSolution
		{8C6CD865-295B-476E-880F-CEDED1704188}.Debug|Any CPU.ActiveCfg = Debug|Any CPU
		{8C6CD865-295B-476E-880F-CEDED1704188}.Debug|Any CPU.Build.0 = Debug|Any CPU
		{8C6CD865-295B-476E-880F-CEDED1704188}.Release|Any CPU.ActiveCfg = Release|Any CPU
		{8C6CD865-295B-476E-880F-CEDED1704188}.Release|Any CPU.Build.0 = Release|Any CPU
	EndGlobalSection
	GlobalSection(SolutionProperties) = preSolution
		HideSolutionNode = FALSE
	EndGlobalSection
	GlobalSection(ExtensibilityGlobals) = postSolution
		SolutionGuid = {6168D508-2735-4FDC-AE9F-0E37C81D6D16}
	EndGlobalSection
EndGlobal
